// !$*UTF8*$!
{
	archiveVersion = 1;
	classes = {
	};
	objectVersion = 48;
	objects = {

/* Begin PBXBuildFile section */
		214ACED520690685007A41A4 /* AppDelegate.m in Sources */ = {isa = PBXBuildFile; fileRef = 214ACED420690684007A41A4 /* AppDelegate.m */; };
		214ACED820690685007A41A4 /* ViewController.m in Sources */ = {isa = PBXBuildFile; fileRef = 214ACED720690685007A41A4 /* ViewController.m */; };
		214ACEDB20690685007A41A4 /* Main.storyboard in Resources */ = {isa = PBXBuildFile; fileRef = 214ACED920690685007A41A4 /* Main.storyboard */; };
		214ACEDD20690685007A41A4 /* Assets.xcassets in Resources */ = {isa = PBXBuildFile; fileRef = 214ACEDC20690685007A41A4 /* Assets.xcassets */; };
		214ACEE020690685007A41A4 /* LaunchScreen.storyboard in Resources */ = {isa = PBXBuildFile; fileRef = 214ACEDE20690685007A41A4 /* LaunchScreen.storyboard */; };
		214ACEE320690685007A41A4 /* main.m in Sources */ = {isa = PBXBuildFile; fileRef = 214ACEE220690685007A41A4 /* main.m */; };
		214ACEED20690685007A41A4 /* DWNetworkAFNManagerTests.m in Sources */ = {isa = PBXBuildFile; fileRef = 214ACEEC20690685007A41A4 /* DWNetworkAFNManagerTests.m */; };
		214ACEF820690685007A41A4 /* DWNetworkAFNManagerUITests.m in Sources */ = {isa = PBXBuildFile; fileRef = 214ACEF720690685007A41A4 /* DWNetworkAFNManagerUITests.m */; };
		214ACF07206907BB007A41A4 /* DWNetworkAFNManager.m in Sources */ = {isa = PBXBuildFile; fileRef = 214ACF05206907BB007A41A4 /* DWNetworkAFNManager.m */; };
		7006A87577F4C013E7B4862A /* libPods-DWNetworkAFNManager.a in Frameworks */ = {isa = PBXBuildFile; fileRef = 3D4E1CDD268385916E5BC962 /* libPods-DWNetworkAFNManager.a */; };
/* End PBXBuildFile section */

/* Begin PBXContainerItemProxy section */
		214ACEE920690685007A41A4 /* PBXContainerItemProxy */ = {
			isa = PBXContainerItemProxy;
			containerPortal = 214ACEC820690684007A41A4 /* Project object */;
			proxyType = 1;
			remoteGlobalIDString = 214ACECF20690684007A41A4;
			remoteInfo = DWNetworkAFNManager;
		};
		214ACEF420690685007A41A4 /* PBXContainerItemProxy */ = {
			isa = PBXContainerItemProxy;
			containerPortal = 214ACEC820690684007A41A4 /* Project object */;
			proxyType = 1;
			remoteGlobalIDString = 214ACECF20690684007A41A4;
			remoteInfo = DWNetworkAFNManager;
		};
/* End PBXContainerItemProxy section */

/* Begin PBXFileReference section */
		214ACED020690684007A41A4 /* DWNetworkAFNManager.app */ = {isa = PBXFileReference; explicitFileType = wrapper.application; includeInIndex = 0; path = DWNetworkAFNManager.app; sourceTree = BUILT_PRODUCTS_DIR; };
		214ACED320690684007A41A4 /* AppDelegate.h */ = {isa = PBXFileReference; lastKnownFileType = sourcecode.c.h; path = AppDelegate.h; sourceTree = "<group>"; };
		214ACED420690684007A41A4 /* AppDelegate.m */ = {isa = PBXFileReference; lastKnownFileType = sourcecode.c.objc; path = AppDelegate.m; sourceTree = "<group>"; };
		214ACED620690685007A41A4 /* ViewController.h */ = {isa = PBXFileReference; lastKnownFileType = sourcecode.c.h; path = ViewController.h; sourceTree = "<group>"; };
		214ACED720690685007A41A4 /* ViewController.m */ = {isa = PBXFileReference; lastKnownFileType = sourcecode.c.objc; path = ViewController.m; sourceTree = "<group>"; };
		214ACEDA20690685007A41A4 /* Base */ = {isa = PBXFileReference; lastKnownFileType = file.storyboard; name = Base; path = Base.lproj/Main.storyboard; sourceTree = "<group>"; };
		214ACEDC20690685007A41A4 /* Assets.xcassets */ = {isa = PBXFileReference; lastKnownFileType = folder.assetcatalog; path = Assets.xcassets; sourceTree = "<group>"; };
		214ACEDF20690685007A41A4 /* Base */ = {isa = PBXFileReference; lastKnownFileType = file.storyboard; name = Base; path = Base.lproj/LaunchScreen.storyboard; sourceTree = "<group>"; };
		214ACEE120690685007A41A4 /* Info.plist */ = {isa = PBXFileReference; lastKnownFileType = text.plist.xml; path = Info.plist; sourceTree = "<group>"; };
		214ACEE220690685007A41A4 /* main.m */ = {isa = PBXFileReference; lastKnownFileType = sourcecode.c.objc; path = main.m; sourceTree = "<group>"; };
		214ACEE820690685007A41A4 /* DWNetworkAFNManagerTests.xctest */ = {isa = PBXFileReference; explicitFileType = wrapper.cfbundle; includeInIndex = 0; path = DWNetworkAFNManagerTests.xctest; sourceTree = BUILT_PRODUCTS_DIR; };
		214ACEEC20690685007A41A4 /* DWNetworkAFNManagerTests.m */ = {isa = PBXFileReference; lastKnownFileType = sourcecode.c.objc; path = DWNetworkAFNManagerTests.m; sourceTree = "<group>"; };
		214ACEEE20690685007A41A4 /* Info.plist */ = {isa = PBXFileReference; lastKnownFileType = text.plist.xml; path = Info.plist; sourceTree = "<group>"; };
		214ACEF320690685007A41A4 /* DWNetworkAFNManagerUITests.xctest */ = {isa = PBXFileReference; explicitFileType = wrapper.cfbundle; includeInIndex = 0; path = DWNetworkAFNManagerUITests.xctest; sourceTree = BUILT_PRODUCTS_DIR; };
		214ACEF720690685007A41A4 /* DWNetworkAFNManagerUITests.m */ = {isa = PBXFileReference; lastKnownFileType = sourcecode.c.objc; path = DWNetworkAFNManagerUITests.m; sourceTree = "<group>"; };
		214ACEF920690685007A41A4 /* Info.plist */ = {isa = PBXFileReference; lastKnownFileType = text.plist.xml; path = Info.plist; sourceTree = "<group>"; };
		214ACF05206907BB007A41A4 /* DWNetworkAFNManager.m */ = {isa = PBXFileReference; fileEncoding = 4; lastKnownFileType = sourcecode.c.objc; name = DWNetworkAFNManager.m; path = ../../DWNetworkAFNManager/DWNetworkAFNManager.m; sourceTree = "<group>"; };
		214ACF06206907BB007A41A4 /* DWNetworkAFNManager.h */ = {isa = PBXFileReference; fileEncoding = 4; lastKnownFileType = sourcecode.c.h; name = DWNetworkAFNManager.h; path = ../../DWNetworkAFNManager/DWNetworkAFNManager.h; sourceTree = "<group>"; };
		3D4E1CDD268385916E5BC962 /* libPods-DWNetworkAFNManager.a */ = {isa = PBXFileReference; explicitFileType = archive.ar; includeInIndex = 0; path = "libPods-DWNetworkAFNManager.a"; sourceTree = BUILT_PRODUCTS_DIR; };
		878CF02311FAC9AE28297132 /* Pods-DWNetworkAFNManager.release.xcconfig */ = {isa = PBXFileReference; includeInIndex = 1; lastKnownFileType = text.xcconfig; name = "Pods-DWNetworkAFNManager.release.xcconfig"; path = "Pods/Target Support Files/Pods-DWNetworkAFNManager/Pods-DWNetworkAFNManager.release.xcconfig"; sourceTree = "<group>"; };
		FF470186C291900E9DF6E3A0 /* Pods-DWNetworkAFNManager.debug.xcconfig */ = {isa = PBXFileReference; includeInIndex = 1; lastKnownFileType = text.xcconfig; name = "Pods-DWNetworkAFNManager.debug.xcconfig"; path = "Pods/Target Support Files/Pods-DWNetworkAFNManager/Pods-DWNetworkAFNManager.debug.xcconfig"; sourceTree = "<group>"; };
/* End PBXFileReference section */

/* Begin PBXFrameworksBuildPhase section */
		214ACECD20690684007A41A4 /* Frameworks */ = {
			isa = PBXFrameworksBuildPhase;
			buildActionMask = 2147483647;
			files = (
				7006A87577F4C013E7B4862A /* libPods-DWNetworkAFNManager.a in Frameworks */,
			);
			runOnlyForDeploymentPostprocessing = 0;
		};
		214ACEE520690685007A41A4 /* Frameworks */ = {
			isa = PBXFrameworksBuildPhase;
			buildActionMask = 2147483647;
			files = (
			);
			runOnlyForDeploymentPostprocessing = 0;
		};
		214ACEF020690685007A41A4 /* Frameworks */ = {
			isa = PBXFrameworksBuildPhase;
			buildActionMask = 2147483647;
			files = (
			);
			runOnlyForDeploymentPostprocessing = 0;
		};
/* End PBXFrameworksBuildPhase section */

/* Begin PBXGroup section */
		214ACEC720690684007A41A4 = {
			isa = PBXGroup;
			children = (
				214ACED220690684007A41A4 /* DWNetworkAFNManager */,
				214ACEEB20690685007A41A4 /* DWNetworkAFNManagerTests */,
				214ACEF620690685007A41A4 /* DWNetworkAFNManagerUITests */,
				214ACED120690684007A41A4 /* Products */,
				E2C907E957D005117CEA8D7C /* Pods */,
				59B23F7CC8662441ED279579 /* Frameworks */,
			);
			sourceTree = "<group>";
		};
		214ACED120690684007A41A4 /* Products */ = {
			isa = PBXGroup;
			children = (
				214ACED020690684007A41A4 /* DWNetworkAFNManager.app */,
				214ACEE820690685007A41A4 /* DWNetworkAFNManagerTests.xctest */,
				214ACEF320690685007A41A4 /* DWNetworkAFNManagerUITests.xctest */,
			);
			name = Products;
			sourceTree = "<group>";
		};
		214ACED220690684007A41A4 /* DWNetworkAFNManager */ = {
			isa = PBXGroup;
			children = (
				214ACED320690684007A41A4 /* AppDelegate.h */,
				214ACED420690684007A41A4 /* AppDelegate.m */,
				214ACED620690685007A41A4 /* ViewController.h */,
				214ACED720690685007A41A4 /* ViewController.m */,
				214ACF06206907BB007A41A4 /* DWNetworkAFNManager.h */,
				214ACF05206907BB007A41A4 /* DWNetworkAFNManager.m */,
				214ACED920690685007A41A4 /* Main.storyboard */,
				214ACEDC20690685007A41A4 /* Assets.xcassets */,
				214ACEDE20690685007A41A4 /* LaunchScreen.storyboard */,
				214ACEE120690685007A41A4 /* Info.plist */,
				214ACEE220690685007A41A4 /* main.m */,
			);
			path = DWNetworkAFNManager;
			sourceTree = "<group>";
		};
		214ACEEB20690685007A41A4 /* DWNetworkAFNManagerTests */ = {
			isa = PBXGroup;
			children = (
				214ACEEC20690685007A41A4 /* DWNetworkAFNManagerTests.m */,
				214ACEEE20690685007A41A4 /* Info.plist */,
			);
			path = DWNetworkAFNManagerTests;
			sourceTree = "<group>";
		};
		214ACEF620690685007A41A4 /* DWNetworkAFNManagerUITests */ = {
			isa = PBXGroup;
			children = (
				214ACEF720690685007A41A4 /* DWNetworkAFNManagerUITests.m */,
				214ACEF920690685007A41A4 /* Info.plist */,
			);
			path = DWNetworkAFNManagerUITests;
			sourceTree = "<group>";
		};
		59B23F7CC8662441ED279579 /* Frameworks */ = {
			isa = PBXGroup;
			children = (
				3D4E1CDD268385916E5BC962 /* libPods-DWNetworkAFNManager.a */,
			);
			name = Frameworks;
			sourceTree = "<group>";
		};
		E2C907E957D005117CEA8D7C /* Pods */ = {
			isa = PBXGroup;
			children = (
				FF470186C291900E9DF6E3A0 /* Pods-DWNetworkAFNManager.debug.xcconfig */,
				878CF02311FAC9AE28297132 /* Pods-DWNetworkAFNManager.release.xcconfig */,
			);
			name = Pods;
			sourceTree = "<group>";
		};
/* End PBXGroup section */

/* Begin PBXNativeTarget section */
		214ACECF20690684007A41A4 /* DWNetworkAFNManager */ = {
			isa = PBXNativeTarget;
			buildConfigurationList = 214ACEFC20690685007A41A4 /* Build configuration list for PBXNativeTarget "DWNetworkAFNManager" */;
			buildPhases = (
				D369ACB29552B2DBD1B8E75C /* [CP] Check Pods Manifest.lock */,
				214ACECC20690684007A41A4 /* Sources */,
				214ACECD20690684007A41A4 /* Frameworks */,
				214ACECE20690684007A41A4 /* Resources */,
				5CA9EBA40EF2E298B6EB1B79 /* [CP] Embed Pods Frameworks */,
				E9BF285505582C0AF74DC01F /* [CP] Copy Pods Resources */,
			);
			buildRules = (
			);
			dependencies = (
			);
			name = DWNetworkAFNManager;
			productName = DWNetworkAFNManager;
			productReference = 214ACED020690684007A41A4 /* DWNetworkAFNManager.app */;
			productType = "com.apple.product-type.application";
		};
		214ACEE720690685007A41A4 /* DWNetworkAFNManagerTests */ = {
			isa = PBXNativeTarget;
			buildConfigurationList = 214ACEFF20690685007A41A4 /* Build configuration list for PBXNativeTarget "DWNetworkAFNManagerTests" */;
			buildPhases = (
				214ACEE420690685007A41A4 /* Sources */,
				214ACEE520690685007A41A4 /* Frameworks */,
				214ACEE620690685007A41A4 /* Resources */,
			);
			buildRules = (
			);
			dependencies = (
				214ACEEA20690685007A41A4 /* PBXTargetDependency */,
			);
			name = DWNetworkAFNManagerTests;
			productName = DWNetworkAFNManagerTests;
			productReference = 214ACEE820690685007A41A4 /* DWNetworkAFNManagerTests.xctest */;
			productType = "com.apple.product-type.bundle.unit-test";
		};
		214ACEF220690685007A41A4 /* DWNetworkAFNManagerUITests */ = {
			isa = PBXNativeTarget;
			buildConfigurationList = 214ACF0220690685007A41A4 /* Build configuration list for PBXNativeTarget "DWNetworkAFNManagerUITests" */;
			buildPhases = (
				214ACEEF20690685007A41A4 /* Sources */,
				214ACEF020690685007A41A4 /* Frameworks */,
				214ACEF120690685007A41A4 /* Resources */,
			);
			buildRules = (
			);
			dependencies = (
				214ACEF520690685007A41A4 /* PBXTargetDependency */,
			);
			name = DWNetworkAFNManagerUITests;
			productName = DWNetworkAFNManagerUITests;
			productReference = 214ACEF320690685007A41A4 /* DWNetworkAFNManagerUITests.xctest */;
			productType = "com.apple.product-type.bundle.ui-testing";
		};
/* End PBXNativeTarget section */

/* Begin PBXProject section */
		214ACEC820690684007A41A4 /* Project object */ = {
			isa = PBXProject;
			attributes = {
				LastUpgradeCheck = 0920;
				ORGANIZATIONNAME = Wicky;
				TargetAttributes = {
					214ACECF20690684007A41A4 = {
						CreatedOnToolsVersion = 9.2;
						ProvisioningStyle = Automatic;
					};
					214ACEE720690685007A41A4 = {
						CreatedOnToolsVersion = 9.2;
						ProvisioningStyle = Automatic;
						TestTargetID = 214ACECF20690684007A41A4;
					};
					214ACEF220690685007A41A4 = {
						CreatedOnToolsVersion = 9.2;
						ProvisioningStyle = Automatic;
						TestTargetID = 214ACECF20690684007A41A4;
					};
				};
			};
			buildConfigurationList = 214ACECB20690684007A41A4 /* Build configuration list for PBXProject "DWNetworkAFNManager" */;
			compatibilityVersion = "Xcode 8.0";
			developmentRegion = en;
			hasScannedForEncodings = 0;
			knownRegions = (
				en,
				Base,
			);
			mainGroup = 214ACEC720690684007A41A4;
			productRefGroup = 214ACED120690684007A41A4 /* Products */;
			projectDirPath = "";
			projectRoot = "";
			targets = (
				214ACECF20690684007A41A4 /* DWNetworkAFNManager */,
				214ACEE720690685007A41A4 /* DWNetworkAFNManagerTests */,
				214ACEF220690685007A41A4 /* DWNetworkAFNManagerUITests */,
			);
		};
/* End PBXProject section */

/* Begin PBXResourcesBuildPhase section */
		214ACECE20690684007A41A4 /* Resources */ = {
			isa = PBXResourcesBuildPhase;
			buildActionMask = 2147483647;
			files = (
				214ACEE020690685007A41A4 /* LaunchScreen.storyboard in Resources */,
				214ACEDD20690685007A41A4 /* Assets.xcassets in Resources */,
				214ACEDB20690685007A41A4 /* Main.storyboard in Resources */,
			);
			runOnlyForDeploymentPostprocessing = 0;
		};
		214ACEE620690685007A41A4 /* Resources */ = {
			isa = PBXResourcesBuildPhase;
			buildActionMask = 2147483647;
			files = (
			);
			runOnlyForDeploymentPostprocessing = 0;
		};
		214ACEF120690685007A41A4 /* Resources */ = {
			isa = PBXResourcesBuildPhase;
			buildActionMask = 2147483647;
			files = (
			);
			runOnlyForDeploymentPostprocessing = 0;
		};
/* End PBXResourcesBuildPhase section */

/* Begin PBXShellScriptBuildPhase section */
		5CA9EBA40EF2E298B6EB1B79 /* [CP] Embed Pods Frameworks */ = {
			isa = PBXShellScriptBuildPhase;
			buildActionMask = 2147483647;
			files = (
			);
			inputPaths = (
			);
			name = "[CP] Embed Pods Frameworks";
			outputPaths = (
			);
			runOnlyForDeploymentPostprocessing = 0;
			shellPath = /bin/sh;
			shellScript = "\"${SRCROOT}/Pods/Target Support Files/Pods-DWNetworkAFNManager/Pods-DWNetworkAFNManager-frameworks.sh\"\n";
			showEnvVarsInLog = 0;
		};
		D369ACB29552B2DBD1B8E75C /* [CP] Check Pods Manifest.lock */ = {
			isa = PBXShellScriptBuildPhase;
			buildActionMask = 2147483647;
			files = (
			);
			inputPaths = (
				"${PODS_PODFILE_DIR_PATH}/Podfile.lock",
				"${PODS_ROOT}/Manifest.lock",
			);
			name = "[CP] Check Pods Manifest.lock";
			outputPaths = (
				"$(DERIVED_FILE_DIR)/Pods-DWNetworkAFNManager-checkManifestLockResult.txt",
			);
			runOnlyForDeploymentPostprocessing = 0;
			shellPath = /bin/sh;
			shellScript = "diff \"${PODS_PODFILE_DIR_PATH}/Podfile.lock\" \"${PODS_ROOT}/Manifest.lock\" > /dev/null\nif [ $? != 0 ] ; then\n    # print error to STDERR\n    echo \"error: The sandbox is not in sync with the Podfile.lock. Run 'pod install' or update your CocoaPods installation.\" >&2\n    exit 1\nfi\n# This output is used by Xcode 'outputs' to avoid re-running this script phase.\necho \"SUCCESS\" > \"${SCRIPT_OUTPUT_FILE_0}\"\n";
			showEnvVarsInLog = 0;
		};
		E9BF285505582C0AF74DC01F /* [CP] Copy Pods Resources */ = {
			isa = PBXShellScriptBuildPhase;
			buildActionMask = 2147483647;
			files = (
			);
			inputPaths = (
			);
			name = "[CP] Copy Pods Resources";
			outputPaths = (
			);
			runOnlyForDeploymentPostprocessing = 0;
			shellPath = /bin/sh;
			shellScript = "\"${SRCROOT}/Pods/Target Support Files/Pods-DWNetworkAFNManager/Pods-DWNetworkAFNManager-resources.sh\"\n";
			showEnvVarsInLog = 0;
		};
/* End PBXShellScriptBuildPhase section */

/* Begin PBXSourcesBuildPhase section */
		214ACECC20690684007A41A4 /* Sources */ = {
			isa = PBXSourcesBuildPhase;
			buildActionMask = 2147483647;
			files = (
				214ACED820690685007A41A4 /* ViewController.m in Sources */,
				214ACF07206907BB007A41A4 /* DWNetworkAFNManager.m in Sources */,
				214ACEE320690685007A41A4 /* main.m in Sources */,
				214ACED520690685007A41A4 /* AppDelegate.m in Sources */,
			);
			runOnlyForDeploymentPostprocessing = 0;
		};
		214ACEE420690685007A41A4 /* Sources */ = {
			isa = PBXSourcesBuildPhase;
			buildActionMask = 2147483647;
			files = (
				214ACEED20690685007A41A4 /* DWNetworkAFNManagerTests.m in Sources */,
			);
			runOnlyForDeploymentPostprocessing = 0;
		};
		214ACEEF20690685007A41A4 /* Sources */ = {
			isa = PBXSourcesBuildPhase;
			buildActionMask = 2147483647;
			files = (
				214ACEF820690685007A41A4 /* DWNetworkAFNManagerUITests.m in Sources */,
			);
			runOnlyForDeploymentPostprocessing = 0;
		};
/* End PBXSourcesBuildPhase section */

/* Begin PBXTargetDependency section */
		214ACEEA20690685007A41A4 /* PBXTargetDependency */ = {
			isa = PBXTargetDependency;
			target = 214ACECF20690684007A41A4 /* DWNetworkAFNManager */;
			targetProxy = 214ACEE920690685007A41A4 /* PBXContainerItemProxy */;
		};
		214ACEF520690685007A41A4 /* PBXTargetDependency */ = {
			isa = PBXTargetDependency;
			target = 214ACECF20690684007A41A4 /* DWNetworkAFNManager */;
			targetProxy = 214ACEF420690685007A41A4 /* PBXContainerItemProxy */;
		};
/* End PBXTargetDependency section */

/* Begin PBXVariantGroup section */
		214ACED920690685007A41A4 /* Main.storyboard */ = {
			isa = PBXVariantGroup;
			children = (
				214ACEDA20690685007A41A4 /* Base */,
			);
			name = Main.storyboard;
			sourceTree = "<group>";
		};
		214ACEDE20690685007A41A4 /* LaunchScreen.storyboard */ = {
			isa = PBXVariantGroup;
			children = (
				214ACEDF20690685007A41A4 /* Base */,
			);
			name = LaunchScreen.storyboard;
			sourceTree = "<group>";
		};
/* End PBXVariantGroup section */

/* Begin XCBuildConfiguration section */
		214ACEFA20690685007A41A4 /* Debug */ = {
			isa = XCBuildConfiguration;
			buildSettings = {
				ALWAYS_SEARCH_USER_PATHS = NO;
				CLANG_ANALYZER_NONNULL = YES;
				CLANG_ANALYZER_NUMBER_OBJECT_CONVERSION = YES_AGGRESSIVE;
				CLANG_CXX_LANGUAGE_STANDARD = "gnu++14";
				CLANG_CXX_LIBRARY = "libc++";
				CLANG_ENABLE_MODULES = YES;
				CLANG_ENABLE_OBJC_ARC = YES;
				CLANG_WARN_BLOCK_CAPTURE_AUTORELEASING = YES;
				CLANG_WARN_BOOL_CONVERSION = YES;
				CLANG_WARN_COMMA = YES;
				CLANG_WARN_CONSTANT_CONVERSION = YES;
				CLANG_WARN_DIRECT_OBJC_ISA_USAGE = YES_ERROR;
				CLANG_WARN_DOCUMENTATION_COMMENTS = YES;
				CLANG_WARN_EMPTY_BODY = YES;
				CLANG_WARN_ENUM_CONVERSION = YES;
				CLANG_WARN_INFINITE_RECURSION = YES;
				CLANG_WARN_INT_CONVERSION = YES;
				CLANG_WARN_NON_LITERAL_NULL_CONVERSION = YES;
				CLANG_WARN_OBJC_LITERAL_CONVERSION = YES;
				CLANG_WARN_OBJC_ROOT_CLASS = YES_ERROR;
				CLANG_WARN_RANGE_LOOP_ANALYSIS = YES;
				CLANG_WARN_STRICT_PROTOTYPES = YES;
				CLANG_WARN_SUSPICIOUS_MOVE = YES;
				CLANG_WARN_UNGUARDED_AVAILABILITY = YES_AGGRESSIVE;
				CLANG_WARN_UNREACHABLE_CODE = YES;
				CLANG_WARN__DUPLICATE_METHOD_MATCH = YES;
				CODE_SIGN_IDENTITY = "iPhone Developer";
				COPY_PHASE_STRIP = NO;
				DEBUG_INFORMATION_FORMAT = dwarf;
				ENABLE_STRICT_OBJC_MSGSEND = YES;
				ENABLE_TESTABILITY = YES;
				GCC_C_LANGUAGE_STANDARD = gnu11;
				GCC_DYNAMIC_NO_PIC = NO;
				GCC_NO_COMMON_BLOCKS = YES;
				GCC_OPTIMIZATION_LEVEL = 0;
				GCC_PREPROCESSOR_DEFINITIONS = (
					"DEBUG=1",
					"$(inherited)",
				);
				GCC_WARN_64_TO_32_BIT_CONVERSION = YES;
				GCC_WARN_ABOUT_RETURN_TYPE = YES_ERROR;
				GCC_WARN_UNDECLARED_SELECTOR = YES;
				GCC_WARN_UNINITIALIZED_AUTOS = YES_AGGRESSIVE;
				GCC_WARN_UNUSED_FUNCTION = YES;
				GCC_WARN_UNUSED_VARIABLE = YES;
				IPHONEOS_DEPLOYMENT_TARGET = 11.2;
				MTL_ENABLE_DEBUG_INFO = YES;
				ONLY_ACTIVE_ARCH = YES;
				SDKROOT = iphoneos;
			};
			name = Debug;
		};
		214ACEFB20690685007A41A4 /* Release */ = {
			isa = XCBuildConfiguration;
			buildSettings = {
				ALWAYS_SEARCH_USER_PATHS = NO;
				CLANG_ANALYZER_NONNULL = YES;
				CLANG_ANALYZER_NUMBER_OBJECT_CONVERSION = YES_AGGRESSIVE;
				CLANG_CXX_LANGUAGE_STANDARD = "gnu++14";
				CLANG_CXX_LIBRARY = "libc++";
				CLANG_ENABLE_MODULES = YES;
				CLANG_ENABLE_OBJC_ARC = YES;
				CLANG_WARN_BLOCK_CAPTURE_AUTORELEASING = YES;
				CLANG_WARN_BOOL_CONVERSION = YES;
				CLANG_WARN_COMMA = YES;
				CLANG_WARN_CONSTANT_CONVERSION = YES;
				CLANG_WARN_DIRECT_OBJC_ISA_USAGE = YES_ERROR;
				CLANG_WARN_DOCUMENTATION_COMMENTS = YES;
				CLANG_WARN_EMPTY_BODY = YES;
				CLANG_WARN_ENUM_CONVERSION = YES;
				CLANG_WARN_INFINITE_RECURSION = YES;
				CLANG_WARN_INT_CONVERSION = YES;
				CLANG_WARN_NON_LITERAL_NULL_CONVERSION = YES;
				CLANG_WARN_OBJC_LITERAL_CONVERSION = YES;
				CLANG_WARN_OBJC_ROOT_CLASS = YES_ERROR;
				CLANG_WARN_RANGE_LOOP_ANALYSIS = YES;
				CLANG_WARN_STRICT_PROTOTYPES = YES;
				CLANG_WARN_SUSPICIOUS_MOVE = YES;
				CLANG_WARN_UNGUARDED_AVAILABILITY = YES_AGGRESSIVE;
				CLANG_WARN_UNREACHABLE_CODE = YES;
				CLANG_WARN__DUPLICATE_METHOD_MATCH = YES;
				CODE_SIGN_IDENTITY = "iPhone Developer";
				COPY_PHASE_STRIP = NO;
				DEBUG_INFORMATION_FORMAT = "dwarf-with-dsym";
				ENABLE_NS_ASSERTIONS = NO;
				ENABLE_STRICT_OBJC_MSGSEND = YES;
				GCC_C_LANGUAGE_STANDARD = gnu11;
				GCC_NO_COMMON_BLOCKS = YES;
				GCC_WARN_64_TO_32_BIT_CONVERSION = YES;
				GCC_WARN_ABOUT_RETURN_TYPE = YES_ERROR;
				GCC_WARN_UNDECLARED_SELECTOR = YES;
				GCC_WARN_UNINITIALIZED_AUTOS = YES_AGGRESSIVE;
				GCC_WARN_UNUSED_FUNCTION = YES;
				GCC_WARN_UNUSED_VARIABLE = YES;
				IPHONEOS_DEPLOYMENT_TARGET = 11.2;
				MTL_ENABLE_DEBUG_INFO = NO;
				SDKROOT = iphoneos;
				VALIDATE_PRODUCT = YES;
			};
			name = Release;
		};
		214ACEFD20690685007A41A4 /* Debug */ = {
			isa = XCBuildConfiguration;
			baseConfigurationReference = FF470186C291900E9DF6E3A0 /* Pods-DWNetworkAFNManager.debug.xcconfig */;
			buildSettings = {
				ASSETCATALOG_COMPILER_APPICON_NAME = AppIcon;
				CODE_SIGN_STYLE = Automatic;
				DEVELOPMENT_TEAM = Z26Y87B8NH;
				INFOPLIST_FILE = DWNetworkAFNManager/Info.plist;
				LD_RUNPATH_SEARCH_PATHS = "$(inherited) @executable_path/Frameworks";
				PRODUCT_BUNDLE_IDENTIFIER = com.wicky.DWNetworkAFNManager;
				PRODUCT_NAME = "$(TARGET_NAME)";
				TARGETED_DEVICE_FAMILY = "1,2";
			};
			name = Debug;
		};
		214ACEFE20690685007A41A4 /* Release */ = {
			isa = XCBuildConfiguration;
			baseConfigurationReference = 878CF02311FAC9AE28297132 /* Pods-DWNetworkAFNManager.release.xcconfig */;
			buildSettings = {
				ASSETCATALOG_COMPILER_APPICON_NAME = AppIcon;
				CODE_SIGN_STYLE = Automatic;
				DEVELOPMENT_TEAM = Z26Y87B8NH;
				INFOPLIST_FILE = DWNetworkAFNManager/Info.plist;
				LD_RUNPATH_SEARCH_PATHS = "$(inherited) @executable_path/Frameworks";
				PRODUCT_BUNDLE_IDENTIFIER = com.wicky.DWNetworkAFNManager;
				PRODUCT_NAME = "$(TARGET_NAME)";
				TARGETED_DEVICE_FAMILY = "1,2";
			};
			name = Release;
		};
		214ACF0020690685007A41A4 /* Debug */ = {
			isa = XCBuildConfiguration;
			buildSettings = {
				BUNDLE_LOADER = "$(TEST_HOST)";
				CODE_SIGN_STYLE = Automatic;
				DEVELOPMENT_TEAM = Z26Y87B8NH;
				INFOPLIST_FILE = DWNetworkAFNManagerTests/Info.plist;
				LD_RUNPATH_SEARCH_PATHS = "$(inherited) @executable_path/Frameworks @loader_path/Frameworks";
				PRODUCT_BUNDLE_IDENTIFIER = com.wicky.DWNetworkAFNManagerTests;
				PRODUCT_NAME = "$(TARGET_NAME)";
				TARGETED_DEVICE_FAMILY = "1,2";
				TEST_HOST = "$(BUILT_PRODUCTS_DIR)/DWNetworkAFNManager.app/DWNetworkAFNManager";
			};
			name = Debug;
		};
		214ACF0120690685007A41A4 /* Release */ = {
			isa = XCBuildConfiguration;
			buildSettings = {
				BUNDLE_LOADER = "$(TEST_HOST)";
				CODE_SIGN_STYLE = Automatic;
				DEVELOPMENT_TEAM = Z26Y87B8NH;
				INFOPLIST_FILE = DWNetworkAFNManagerTests/Info.plist;
				LD_RUNPATH_SEARCH_PATHS = "$(inherited) @executable_path/Frameworks @loader_path/Frameworks";
				PRODUCT_BUNDLE_IDENTIFIER = com.wicky.DWNetworkAFNManagerTests;
				PRODUCT_NAME = "$(TARGET_NAME)";
				TARGETED_DEVICE_FAMILY = "1,2";
				TEST_HOST = "$(BUILT_PRODUCTS_DIR)/DWNetworkAFNManager.app/DWNetworkAFNManager";
			};
			name = Release;
		};
		214ACF0320690685007A41A4 /* Debug */ = {
			isa = XCBuildConfiguration;
			buildSettings = {
				CODE_SIGN_STYLE = Automatic;
				DEVELOPMENT_TEAM = Z26Y87B8NH;
				INFOPLIST_FILE = DWNetworkAFNManagerUITests/Info.plist;
				LD_RUNPATH_SEARCH_PATHS = "$(inherited) @executable_path/Frameworks @loader_path/Frameworks";
				PRODUCT_BUNDLE_IDENTIFIER = com.wicky.DWNetworkAFNManagerUITests;
				PRODUCT_NAME = "$(TARGET_NAME)";
				TARGETED_DEVICE_FAMILY = "1,2";
				TEST_TARGET_NAME = DWNetworkAFNManager;
			};
			name = Debug;
		};
		214ACF0420690685007A41A4 /* Release */ = {
			isa = XCBuildConfiguration;
			buildSettings = {
				CODE_SIGN_STYLE = Automatic;
				DEVELOPMENT_TEAM = Z26Y87B8NH;
				INFOPLIST_FILE = DWNetworkAFNManagerUITests/Info.plist;
				LD_RUNPATH_SEARCH_PATHS = "$(inherited) @executable_path/Frameworks @loader_path/Frameworks";
				PRODUCT_BUNDLE_IDENTIFIER = com.wicky.DWNetworkAFNManagerUITests;
				PRODUCT_NAME = "$(TARGET_NAME)";
				TARGETED_DEVICE_FAMILY = "1,2";
				TEST_TARGET_NAME = DWNetworkAFNManager;
			};
			name = Release;
		};
/* End XCBuildConfiguration section */

/* Begin XCConfigurationList section */
		214ACECB20690684007A41A4 /* Build configuration list for PBXProject "DWNetworkAFNManager" */ = {
			isa = XCConfigurationList;
			buildConfigurations = (
				214ACEFA20690685007A41A4 /* Debug */,
				214ACEFB20690685007A41A4 /* Release */,
			);
			defaultConfigurationIsVisible = 0;
			defaultConfigurationName = Release;
		};
		214ACEFC20690685007A41A4 /* Build configuration list for PBXNativeTarget "DWNetworkAFNManager" */ = {
			isa = XCConfigurationList;
			buildConfigurations = (
				214ACEFD20690685007A41A4 /* Debug */,
				214ACEFE20690685007A41A4 /* Release */,
			);
			defaultConfigurationIsVisible = 0;
			defaultConfigurationName = Release;
		};
		214ACEFF20690685007A41A4 /* Build configuration list for PBXNativeTarget "DWNetworkAFNManagerTests" */ = {
			isa = XCConfigurationList;
			buildConfigurations = (
				214ACF0020690685007A41A4 /* Debug */,
				214ACF0120690685007A41A4 /* Release */,
			);
			defaultConfigurationIsVisible = 0;
			defaultConfigurationName = Release;
		};
		214ACF0220690685007A41A4 /* Build configuration list for PBXNativeTarget "DWNetworkAFNManagerUITests" */ = {
			isa = XCConfigurationList;
			buildConfigurations = (
				214ACF0320690685007A41A4 /* Debug */,
				214ACF0420690685007A41A4 /* Release */,
			);
			defaultConfigurationIsVisible = 0;
			defaultConfigurationName = Release;
		};
/* End XCConfigurationList section */
	};
	rootObject = 214ACEC820690684007A41A4 /* Project object */;
}
